
Microsoft Visual Studio Solution File, Format Version 12.00
# Visual Studio Version 16
VisualStudioVersion = 16.0.31424.327
MinimumVisualStudioVersion = 10.0.40219.1
Project("{FAE04EC0-301F-11D3-BF4B-00C04F79EFBC}") = "WebForms", "WebForms\WebForms.csproj", "{E08EB538-2D68-4626-8A63-F20CD523A606}"
EndProject
Global
	GlobalSection(SolutionConfigurationPlatforms) = preSolution
		Debug|Any CPU = Debug|Any CPU
		Release|Any CPU = Release|Any CPU
	EndGlobalSection
	GlobalSection(ProjectConfigurationPlatforms) = postSolution
		{E08EB538-2D68-4626-8A63-F20CD523A606}.Debug|Any CPU.ActiveCfg = Debug|Any CPU
		{E08EB538-2D68-4626-8A63-F20CD523A606}.Debug|Any CPU.Build.0 = Debug|Any CPU
		{E08EB538-2D68-4626-8A63-F20CD523A606}.Release|Any CPU.ActiveCfg = Release|Any CPU
		{E08EB538-2D68-4626-8A63-F20CD523A606}.Release|Any CPU.Build.0 = Release|Any CPU
	EndGlobalSection
	GlobalSection(SolutionProperties) = preSolution
		HideSolutionNode = FALSE
	EndGlobalSection
	GlobalSection(ExtensibilityGlobals) = postSolution
		SolutionGuid = {FFA889FB-B600-4331-B833-8B9CA0EFC480}
	EndGlobalSection
EndGlobal
